
Microsoft Visual Studio Solution File, Format Version 12.00
# Visual Studio 15
VisualStudioVersion = 15.0.28307.572
MinimumVisualStudioVersion = 10.0.40219.1
Project("{F184B08F-C81C-45F6-A57F-5ABD9991F28F}") = "Hades thirdparty injector", "Hades thirdparty injector\Hades thirdparty injector.vbproj", "{7DF8F734-8F50-4031-B4E0-BCDD66178ACA}"
EndProject
Global
	GlobalSection(SolutionConfigurationPlatforms) = preSolution
		Debug|Any CPU = Debug|Any CPU
		Release|Any CPU = Release|Any CPU
	EndGlobalSection
	GlobalSection(ProjectConfigurationPlatforms) = postSolution
		{7DF8F734-8F50-4031-B4E0-BCDD66178ACA}.Debug|Any CPU.ActiveCfg = Debug|Any CPU
		{7DF8F734-8F50-4031-B4E0-BCDD66178ACA}.Debug|Any CPU.Build.0 = Debug|Any CPU
		{7DF8F734-8F50-4031-B4E0-BCDD66178ACA}.Release|Any CPU.ActiveCfg = Release|Any CPU
		{7DF8F734-8F50-4031-B4E0-BCDD66178ACA}.Release|Any CPU.Build.0 = Release|Any CPU
	EndGlobalSection
	GlobalSection(SolutionProperties) = preSolution
		HideSolutionNode = FALSE
	EndGlobalSection
	GlobalSection(ExtensibilityGlobals) = postSolution
		SolutionGuid = {3B25C0E9-8700-4F11-8BB1-1DC5064C1A54}
	EndGlobalSection
EndGlobal
